{
  "name": "fitme-dev",
  "lockfileVersion": 3,
  "requires": true,
  "packages": {
    "": {
      "dependencies": {
        "@tosspayments/tosspayments-sdk": "^2.5.0"
      }
    },
    "node_modules/@tosspayments/tosspayments-sdk": {
      "version": "2.5.0",
      "resolved": "https://registry.npmjs.org/@tosspayments/tosspayments-sdk/-/tosspayments-sdk-2.5.0.tgz",
      "integrity": "sha512-qapms+cTY5/4MBwcEegG1GkYBIWVjWv77yWnG2+CWXqdZOtGKLmqt0pb1lbrevBOF/uhO1f2Wtj+r/bggHwiHQ==",
      "license": "MIT"
    }
  }
}
